
Microsoft Visual Studio Solution File, Format Version 12.00
# Visual Studio Version 18
VisualStudioVersion = 18.2.11415.280
MinimumVisualStudioVersion = 10.0.40219.1
Project("{2150E333-8FDC-42A3-9474-1A3956D46DE8}") = "Services", "Services", "{02EA681E-C7D8-13C7-8484-4AC65E1B71E8}"
EndProject
Project("{2150E333-8FDC-42A3-9474-1A3956D46DE8}") = "Identity", "Identity", "{5041A468-8314-4066-AD6E-5CD0DB2C5D1E}"
EndProject
Project("{FAE04EC0-301F-11D3-BF4B-00C04F79EFBC}") = "Identity.Domain", "Identity.Domain\Identity.Domain.csproj", "{7F06CE1B-3D04-4A41-99F3-BD379AE72964}"
EndProject
Project("{FAE04EC0-301F-11D3-BF4B-00C04F79EFBC}") = "Identity.Application", "Identity.Application\Identity.Application.csproj", "{89417E71-E945-4ED1-B3A6-EE11E7FC7B30}"
EndProject
Project("{FAE04EC0-301F-11D3-BF4B-00C04F79EFBC}") = "Identity.Infrastructure", "Identity.Infrastructure\Identity.Infrastructure.csproj", "{29A81DD0-94BD-4743-9147-B35E89DF5052}"
EndProject
Project("{FAE04EC0-301F-11D3-BF4B-00C04F79EFBC}") = "Identity.API", "Identity.API\Identity.API.csproj", "{30550177-8FC4-43A2-8C29-4173E2D3EE9F}"
EndProject
Project("{2150E333-8FDC-42A3-9474-1A3956D46DE8}") = "Account", "Account", "{C07C4669-D3ED-4692-9665-AB66F6CF5109}"
EndProject
Project("{2150E333-8FDC-42A3-9474-1A3956D46DE8}") = "Transaction", "Transaction", "{BD2D9449-9F09-40D2-A207-AEAF2230E7A2}"
EndProject
Project("{2150E333-8FDC-42A3-9474-1A3956D46DE8}") = "Loan", "Loan", "{D1F72B6D-D747-48AD-A777-1019C2391B47}"
EndProject
Project("{2150E333-8FDC-42A3-9474-1A3956D46DE8}") = "Card", "Card", "{4BDD0F07-D9AF-4F5D-B9C9-7B889689436E}"
EndProject
Project("{2150E333-8FDC-42A3-9474-1A3956D46DE8}") = "Investment", "Investment", "{284670DA-BF49-4AB7-9CC0-2AEEF896E613}"
EndProject
Project("{2150E333-8FDC-42A3-9474-1A3956D46DE8}") = "Gateway", "Gateway", "{10BF283A-D0AA-4279-9806-9C7FBF555EEF}"
EndProject
Project("{2150E333-8FDC-42A3-9474-1A3956D46DE8}") = "Shared", "Shared", "{F3CB01C4-6A46-488C-857F-812F95106B7E}"
EndProject
Project("{FAE04EC0-301F-11D3-BF4B-00C04F79EFBC}") = "Account.Domain", "Account.Domain\Account.Domain.csproj", "{C7CB6E4A-169B-41AC-AA18-27733D32FACD}"
EndProject
Project("{FAE04EC0-301F-11D3-BF4B-00C04F79EFBC}") = "Account.Application", "Account.Application\Account.Application.csproj", "{000B774E-676A-4E2C-B8E9-D0D121195073}"
EndProject
Project("{FAE04EC0-301F-11D3-BF4B-00C04F79EFBC}") = "Account.Infrastructure", "Account.Infrastructure\Account.Infrastructure.csproj", "{0AD525F6-3197-4E41-97B0-961F5236AB89}"
EndProject
Project("{FAE04EC0-301F-11D3-BF4B-00C04F79EFBC}") = "Account.API", "Account.API\Account.API.csproj", "{B49B9BDC-A0A9-420C-BF53-F6BBB088599A}"
EndProject
Project("{FAE04EC0-301F-11D3-BF4B-00C04F79EFBC}") = "Transaction.Domain", "Transaction.Domain\Transaction.Domain.csproj", "{1D07160A-8839-46EE-AF1C-3F5411E5204B}"
EndProject
Project("{FAE04EC0-301F-11D3-BF4B-00C04F79EFBC}") = "Loan.Domain", "Loan.Domain\Loan.Domain.csproj", "{57C492EF-1028-4001-A7D6-EDFDCDFE1B41}"
EndProject
Project("{FAE04EC0-301F-11D3-BF4B-00C04F79EFBC}") = "Card.Domain", "Card.Domain\Card.Domain.csproj", "{FAE7FB83-4B2B-44CF-8C1E-93543B1D3848}"
EndProject
Project("{FAE04EC0-301F-11D3-BF4B-00C04F79EFBC}") = "Investment.Domain", "Investment.Domain\Investment.Domain.csproj", "{A15D95D8-0FCF-4A55-B70D-03ADEE41D7E3}"
EndProject
Project("{FAE04EC0-301F-11D3-BF4B-00C04F79EFBC}") = "BankingSystem.Gateway", "BankingSystem.Gateway\BankingSystem.Gateway.csproj", "{E3598675-D2C3-40D3-A36B-FB36D0D20A6C}"
EndProject
Project("{FAE04EC0-301F-11D3-BF4B-00C04F79EFBC}") = "BankingSystem.Shared", "BankingSystem.Shared\BankingSystem.Shared.csproj", "{95E406B5-C785-4C88-A1F6-B30E7D44D086}"
EndProject
Project("{FAE04EC0-301F-11D3-BF4B-00C04F79EFBC}") = "Transaction.Application", "Transaction.Application\Transaction.Application.csproj", "{546D90AD-A3D8-46C3-9239-3772B9EDCF09}"
EndProject
Project("{FAE04EC0-301F-11D3-BF4B-00C04F79EFBC}") = "Loan.Application", "Loan.Application\Loan.Application.csproj", "{41E931B5-4E44-4BA3-BA32-72EA91E4B626}"
EndProject
Project("{FAE04EC0-301F-11D3-BF4B-00C04F79EFBC}") = "Card.Application", "Card.Application\Card.Application.csproj", "{07D52335-D251-4504-B250-6BCEAC3BF574}"
EndProject
Project("{FAE04EC0-301F-11D3-BF4B-00C04F79EFBC}") = "Investment.Application", "Investment.Application\Investment.Application.csproj", "{31F55A89-84B2-42CD-88A8-E622201222AB}"
EndProject
Global
	GlobalSection(SolutionConfigurationPlatforms) = preSolution
		Debug|Any CPU = Debug|Any CPU
		Release|Any CPU = Release|Any CPU
	EndGlobalSection
	GlobalSection(ProjectConfigurationPlatforms) = postSolution
		{7F06CE1B-3D04-4A41-99F3-BD379AE72964}.Debug|Any CPU.ActiveCfg = Debug|Any CPU
		{7F06CE1B-3D04-4A41-99F3-BD379AE72964}.Debug|Any CPU.Build.0 = Debug|Any CPU
		{7F06CE1B-3D04-4A41-99F3-BD379AE72964}.Release|Any CPU.ActiveCfg = Release|Any CPU
		{7F06CE1B-3D04-4A41-99F3-BD379AE72964}.Release|Any CPU.Build.0 = Release|Any CPU
		{89417E71-E945-4ED1-B3A6-EE11E7FC7B30}.Debug|Any CPU.ActiveCfg = Debug|Any CPU
		{89417E71-E945-4ED1-B3A6-EE11E7FC7B30}.Debug|Any CPU.Build.0 = Debug|Any CPU
		{89417E71-E945-4ED1-B3A6-EE11E7FC7B30}.Release|Any CPU.ActiveCfg = Release|Any CPU
		{89417E71-E945-4ED1-B3A6-EE11E7FC7B30}.Release|Any CPU.Build.0 = Release|Any CPU
		{29A81DD0-94BD-4743-9147-B35E89DF5052}.Debug|Any CPU.ActiveCfg = Debug|Any CPU
		{29A81DD0-94BD-4743-9147-B35E89DF5052}.Debug|Any CPU.Build.0 = Debug|Any CPU
		{29A81DD0-94BD-4743-9147-B35E89DF5052}.Release|Any CPU.ActiveCfg = Release|Any CPU
		{29A81DD0-94BD-4743-9147-B35E89DF5052}.Release|Any CPU.Build.0 = Release|Any CPU
		{30550177-8FC4-43A2-8C29-4173E2D3EE9F}.Debug|Any CPU.ActiveCfg = Debug|Any CPU
		{30550177-8FC4-43A2-8C29-4173E2D3EE9F}.Debug|Any CPU.Build.0 = Debug|Any CPU
		{30550177-8FC4-43A2-8C29-4173E2D3EE9F}.Release|Any CPU.ActiveCfg = Release|Any CPU
		{30550177-8FC4-43A2-8C29-4173E2D3EE9F}.Release|Any CPU.Build.0 = Release|Any CPU
		{C7CB6E4A-169B-41AC-AA18-27733D32FACD}.Debug|Any CPU.ActiveCfg = Debug|Any CPU
		{C7CB6E4A-169B-41AC-AA18-27733D32FACD}.Debug|Any CPU.Build.0 = Debug|Any CPU
		{C7CB6E4A-169B-41AC-AA18-27733D32FACD}.Release|Any CPU.ActiveCfg = Release|Any CPU
		{C7CB6E4A-169B-41AC-AA18-27733D32FACD}.Release|Any CPU.Build.0 = Release|Any CPU
		{000B774E-676A-4E2C-B8E9-D0D121195073}.Debug|Any CPU.ActiveCfg = Debug|Any CPU
		{000B774E-676A-4E2C-B8E9-D0D121195073}.Debug|Any CPU.Build.0 = Debug|Any CPU
		{000B774E-676A-4E2C-B8E9-D0D121195073}.Release|Any CPU.ActiveCfg = Release|Any CPU
		{000B774E-676A-4E2C-B8E9-D0D121195073}.Release|Any CPU.Build.0 = Release|Any CPU
		{0AD525F6-3197-4E41-97B0-961F5236AB89}.Debug|Any CPU.ActiveCfg = Debug|Any CPU
		{0AD525F6-3197-4E41-97B0-961F5236AB89}.Debug|Any CPU.Build.0 = Debug|Any CPU
		{0AD525F6-3197-4E41-97B0-961F5236AB89}.Release|Any CPU.ActiveCfg = Release|Any CPU
		{0AD525F6-3197-4E41-97B0-961F5236AB89}.Release|Any CPU.Build.0 = Release|Any CPU
		{B49B9BDC-A0A9-420C-BF53-F6BBB088599A}.Debug|Any CPU.ActiveCfg = Debug|Any CPU
		{B49B9BDC-A0A9-420C-BF53-F6BBB088599A}.Debug|Any CPU.Build.0 = Debug|Any CPU
		{B49B9BDC-A0A9-420C-BF53-F6BBB088599A}.Release|Any CPU.ActiveCfg = Release|Any CPU
		{B49B9BDC-A0A9-420C-BF53-F6BBB088599A}.Release|Any CPU.Build.0 = Release|Any CPU
		{1D07160A-8839-46EE-AF1C-3F5411E5204B}.Debug|Any CPU.ActiveCfg = Debug|Any CPU
		{1D07160A-8839-46EE-AF1C-3F5411E5204B}.Debug|Any CPU.Build.0 = Debug|Any CPU
		{1D07160A-8839-46EE-AF1C-3F5411E5204B}.Release|Any CPU.ActiveCfg = Release|Any CPU
		{1D07160A-8839-46EE-AF1C-3F5411E5204B}.Release|Any CPU.Build.0 = Release|Any CPU
		{57C492EF-1028-4001-A7D6-EDFDCDFE1B41}.Debug|Any CPU.ActiveCfg = Debug|Any CPU
		{57C492EF-1028-4001-A7D6-EDFDCDFE1B41}.Debug|Any CPU.Build.0 = Debug|Any CPU
		{57C492EF-1028-4001-A7D6-EDFDCDFE1B41}.Release|Any CPU.ActiveCfg = Release|Any CPU
		{57C492EF-1028-4001-A7D6-EDFDCDFE1B41}.Release|Any CPU.Build.0 = Release|Any CPU
		{FAE7FB83-4B2B-44CF-8C1E-93543B1D3848}.Debug|Any CPU.ActiveCfg = Debug|Any CPU
		{FAE7FB83-4B2B-44CF-8C1E-93543B1D3848}.Debug|Any CPU.Build.0 = Debug|Any CPU
		{FAE7FB83-4B2B-44CF-8C1E-93543B1D3848}.Release|Any CPU.ActiveCfg = Release|Any CPU
		{FAE7FB83-4B2B-44CF-8C1E-93543B1D3848}.Release|Any CPU.Build.0 = Release|Any CPU
		{A15D95D8-0FCF-4A55-B70D-03ADEE41D7E3}.Debug|Any CPU.ActiveCfg = Debug|Any CPU
		{A15D95D8-0FCF-4A55-B70D-03ADEE41D7E3}.Debug|Any CPU.Build.0 = Debug|Any CPU
		{A15D95D8-0FCF-4A55-B70D-03ADEE41D7E3}.Release|Any CPU.ActiveCfg = Release|Any CPU
		{A15D95D8-0FCF-4A55-B70D-03ADEE41D7E3}.Release|Any CPU.Build.0 = Release|Any CPU
		{E3598675-D2C3-40D3-A36B-FB36D0D20A6C}.Debug|Any CPU.ActiveCfg = Debug|Any CPU
		{E3598675-D2C3-40D3-A36B-FB36D0D20A6C}.Debug|Any CPU.Build.0 = Debug|Any CPU
		{E3598675-D2C3-40D3-A36B-FB36D0D20A6C}.Release|Any CPU.ActiveCfg = Release|Any CPU
		{E3598675-D2C3-40D3-A36B-FB36D0D20A6C}.Release|Any CPU.Build.0 = Release|Any CPU
		{95E406B5-C785-4C88-A1F6-B30E7D44D086}.Debug|Any CPU.ActiveCfg = Debug|Any CPU
		{95E406B5-C785-4C88-A1F6-B30E7D44D086}.Debug|Any CPU.Build.0 = Debug|Any CPU
		{95E406B5-C785-4C88-A1F6-B30E7D44D086}.Release|Any CPU.ActiveCfg = Release|Any CPU
		{95E406B5-C785-4C88-A1F6-B30E7D44D086}.Release|Any CPU.Build.0 = Release|Any CPU
		{546D90AD-A3D8-46C3-9239-3772B9EDCF09}.Debug|Any CPU.ActiveCfg = Debug|Any CPU
		{546D90AD-A3D8-46C3-9239-3772B9EDCF09}.Debug|Any CPU.Build.0 = Debug|Any CPU
		{546D90AD-A3D8-46C3-9239-3772B9EDCF09}.Release|Any CPU.ActiveCfg = Release|Any CPU
		{546D90AD-A3D8-46C3-9239-3772B9EDCF09}.Release|Any CPU.Build.0 = Release|Any CPU
		{41E931B5-4E44-4BA3-BA32-72EA91E4B626}.Debug|Any CPU.ActiveCfg = Debug|Any CPU
		{41E931B5-4E44-4BA3-BA32-72EA91E4B626}.Debug|Any CPU.Build.0 = Debug|Any CPU
		{41E931B5-4E44-4BA3-BA32-72EA91E4B626}.Release|Any CPU.ActiveCfg = Release|Any CPU
		{41E931B5-4E44-4BA3-BA32-72EA91E4B626}.Release|Any CPU.Build.0 = Release|Any CPU
		{07D52335-D251-4504-B250-6BCEAC3BF574}.Debug|Any CPU.ActiveCfg = Debug|Any CPU
		{07D52335-D251-4504-B250-6BCEAC3BF574}.Debug|Any CPU.Build.0 = Debug|Any CPU
		{07D52335-D251-4504-B250-6BCEAC3BF574}.Release|Any CPU.ActiveCfg = Release|Any CPU
		{07D52335-D251-4504-B250-6BCEAC3BF574}.Release|Any CPU.Build.0 = Release|Any CPU
		{31F55A89-84B2-42CD-88A8-E622201222AB}.Debug|Any CPU.ActiveCfg = Debug|Any CPU
		{31F55A89-84B2-42CD-88A8-E622201222AB}.Debug|Any CPU.Build.0 = Debug|Any CPU
		{31F55A89-84B2-42CD-88A8-E622201222AB}.Release|Any CPU.ActiveCfg = Release|Any CPU
		{31F55A89-84B2-42CD-88A8-E622201222AB}.Release|Any CPU.Build.0 = Release|Any CPU
	EndGlobalSection
	GlobalSection(SolutionProperties) = preSolution
		HideSolutionNode = FALSE
	EndGlobalSection
	GlobalSection(NestedProjects) = preSolution
		{5041A468-8314-4066-AD6E-5CD0DB2C5D1E} = {02EA681E-C7D8-13C7-8484-4AC65E1B71E8}
		{7F06CE1B-3D04-4A41-99F3-BD379AE72964} = {5041A468-8314-4066-AD6E-5CD0DB2C5D1E}
		{89417E71-E945-4ED1-B3A6-EE11E7FC7B30} = {5041A468-8314-4066-AD6E-5CD0DB2C5D1E}
		{29A81DD0-94BD-4743-9147-B35E89DF5052} = {5041A468-8314-4066-AD6E-5CD0DB2C5D1E}
		{30550177-8FC4-43A2-8C29-4173E2D3EE9F} = {5041A468-8314-4066-AD6E-5CD0DB2C5D1E}
		{C07C4669-D3ED-4692-9665-AB66F6CF5109} = {02EA681E-C7D8-13C7-8484-4AC65E1B71E8}
		{BD2D9449-9F09-40D2-A207-AEAF2230E7A2} = {02EA681E-C7D8-13C7-8484-4AC65E1B71E8}
		{D1F72B6D-D747-48AD-A777-1019C2391B47} = {02EA681E-C7D8-13C7-8484-4AC65E1B71E8}
		{4BDD0F07-D9AF-4F5D-B9C9-7B889689436E} = {02EA681E-C7D8-13C7-8484-4AC65E1B71E8}
		{284670DA-BF49-4AB7-9CC0-2AEEF896E613} = {02EA681E-C7D8-13C7-8484-4AC65E1B71E8}
		{C7CB6E4A-169B-41AC-AA18-27733D32FACD} = {C07C4669-D3ED-4692-9665-AB66F6CF5109}
		{000B774E-676A-4E2C-B8E9-D0D121195073} = {C07C4669-D3ED-4692-9665-AB66F6CF5109}
		{0AD525F6-3197-4E41-97B0-961F5236AB89} = {C07C4669-D3ED-4692-9665-AB66F6CF5109}
		{B49B9BDC-A0A9-420C-BF53-F6BBB088599A} = {C07C4669-D3ED-4692-9665-AB66F6CF5109}
		{1D07160A-8839-46EE-AF1C-3F5411E5204B} = {BD2D9449-9F09-40D2-A207-AEAF2230E7A2}
		{57C492EF-1028-4001-A7D6-EDFDCDFE1B41} = {D1F72B6D-D747-48AD-A777-1019C2391B47}
		{FAE7FB83-4B2B-44CF-8C1E-93543B1D3848} = {4BDD0F07-D9AF-4F5D-B9C9-7B889689436E}
		{A15D95D8-0FCF-4A55-B70D-03ADEE41D7E3} = {284670DA-BF49-4AB7-9CC0-2AEEF896E613}
		{E3598675-D2C3-40D3-A36B-FB36D0D20A6C} = {10BF283A-D0AA-4279-9806-9C7FBF555EEF}
		{95E406B5-C785-4C88-A1F6-B30E7D44D086} = {F3CB01C4-6A46-488C-857F-812F95106B7E}
		{546D90AD-A3D8-46C3-9239-3772B9EDCF09} = {BD2D9449-9F09-40D2-A207-AEAF2230E7A2}
		{41E931B5-4E44-4BA3-BA32-72EA91E4B626} = {D1F72B6D-D747-48AD-A777-1019C2391B47}
		{07D52335-D251-4504-B250-6BCEAC3BF574} = {4BDD0F07-D9AF-4F5D-B9C9-7B889689436E}
		{31F55A89-84B2-42CD-88A8-E622201222AB} = {284670DA-BF49-4AB7-9CC0-2AEEF896E613}
	EndGlobalSection
	GlobalSection(ExtensibilityGlobals) = postSolution
		SolutionGuid = {505B2551-BA29-4B35-B936-B0849533F7FC}
	EndGlobalSection
EndGlobal
